
Microsoft Visual Studio Solution File, Format Version 12.00
# Visual Studio Version 17
VisualStudioVersion = 17.7.34031.279
MinimumVisualStudioVersion = 10.0.40219.1
Project("{2150E333-8FDC-42A3-9474-1A3956D46DE8}") = "src", "src", "{E2BF7F91-793A-45C8-B593-5D74F777E409}"
EndProject
Project("{9A19103F-16F7-4668-BE54-9A1E7A4F7556}") = "PokeMaui.Maui", "PokeMaui.Maui\PokeMaui.Maui.csproj", "{3438ED59-F956-4009-A708-1F3F91B24FFD}"
EndProject
Project("{9A19103F-16F7-4668-BE54-9A1E7A4F7556}") = "PokeMaui.Business", "PokeMaui.Business\PokeMaui.Business.csproj", "{F512A615-2B04-4A57-AE22-AFF06617CF93}"
EndProject
Project("{9A19103F-16F7-4668-BE54-9A1E7A4F7556}") = "PokeMaui.Entity", "PokeMaui.Entity\PokeMaui.Entity.csproj", "{C19C0974-1505-4662-8CDB-33938451D31A}"
EndProject
Project("{9A19103F-16F7-4668-BE54-9A1E7A4F7556}") = "PokeMaui.Global", "PokeMaui.Global\PokeMaui.Global.csproj", "{B23ED0B8-6C68-48D3-81F2-E6BE3E0DEF21}"
EndProject
Project("{2150E333-8FDC-42A3-9474-1A3956D46DE8}") = "tests", "tests", "{C5C88052-2D4C-4548-9169-17055F02A30E}"
EndProject
Project("{FAE04EC0-301F-11D3-BF4B-00C04F79EFBC}") = "PokeMaui.Business.Tests", "PokeMaui.Business.Tests\PokeMaui.Business.Tests.csproj", "{08F21C00-5716-4CCA-BCAC-5C07D9B57996}"
EndProject
Global
	GlobalSection(SolutionConfigurationPlatforms) = preSolution
		Debug|Any CPU = Debug|Any CPU
		Release|Any CPU = Release|Any CPU
	EndGlobalSection
	GlobalSection(ProjectConfigurationPlatforms) = postSolution
		{3438ED59-F956-4009-A708-1F3F91B24FFD}.Debug|Any CPU.ActiveCfg = Debug|Any CPU
		{3438ED59-F956-4009-A708-1F3F91B24FFD}.Debug|Any CPU.Build.0 = Debug|Any CPU
		{3438ED59-F956-4009-A708-1F3F91B24FFD}.Debug|Any CPU.Deploy.0 = Debug|Any CPU
		{3438ED59-F956-4009-A708-1F3F91B24FFD}.Release|Any CPU.ActiveCfg = Release|Any CPU
		{3438ED59-F956-4009-A708-1F3F91B24FFD}.Release|Any CPU.Build.0 = Release|Any CPU
		{3438ED59-F956-4009-A708-1F3F91B24FFD}.Release|Any CPU.Deploy.0 = Release|Any CPU
		{F512A615-2B04-4A57-AE22-AFF06617CF93}.Debug|Any CPU.ActiveCfg = Debug|Any CPU
		{F512A615-2B04-4A57-AE22-AFF06617CF93}.Debug|Any CPU.Build.0 = Debug|Any CPU
		{F512A615-2B04-4A57-AE22-AFF06617CF93}.Release|Any CPU.ActiveCfg = Release|Any CPU
		{F512A615-2B04-4A57-AE22-AFF06617CF93}.Release|Any CPU.Build.0 = Release|Any CPU
		{C19C0974-1505-4662-8CDB-33938451D31A}.Debug|Any CPU.ActiveCfg = Debug|Any CPU
		{C19C0974-1505-4662-8CDB-33938451D31A}.Debug|Any CPU.Build.0 = Debug|Any CPU
		{C19C0974-1505-4662-8CDB-33938451D31A}.Release|Any CPU.ActiveCfg = Release|Any CPU
		{C19C0974-1505-4662-8CDB-33938451D31A}.Release|Any CPU.Build.0 = Release|Any CPU
		{B23ED0B8-6C68-48D3-81F2-E6BE3E0DEF21}.Debug|Any CPU.ActiveCfg = Debug|Any CPU
		{B23ED0B8-6C68-48D3-81F2-E6BE3E0DEF21}.Debug|Any CPU.Build.0 = Debug|Any CPU
		{B23ED0B8-6C68-48D3-81F2-E6BE3E0DEF21}.Release|Any CPU.ActiveCfg = Release|Any CPU
		{B23ED0B8-6C68-48D3-81F2-E6BE3E0DEF21}.Release|Any CPU.Build.0 = Release|Any CPU
		{08F21C00-5716-4CCA-BCAC-5C07D9B57996}.Debug|Any CPU.ActiveCfg = Debug|Any CPU
		{08F21C00-5716-4CCA-BCAC-5C07D9B57996}.Debug|Any CPU.Build.0 = Debug|Any CPU
		{08F21C00-5716-4CCA-BCAC-5C07D9B57996}.Release|Any CPU.ActiveCfg = Release|Any CPU
		{08F21C00-5716-4CCA-BCAC-5C07D9B57996}.Release|Any CPU.Build.0 = Release|Any CPU
	EndGlobalSection
	GlobalSection(SolutionProperties) = preSolution
		HideSolutionNode = FALSE
	EndGlobalSection
	GlobalSection(NestedProjects) = preSolution
		{3438ED59-F956-4009-A708-1F3F91B24FFD} = {E2BF7F91-793A-45C8-B593-5D74F777E409}
		{F512A615-2B04-4A57-AE22-AFF06617CF93} = {E2BF7F91-793A-45C8-B593-5D74F777E409}
		{C19C0974-1505-4662-8CDB-33938451D31A} = {E2BF7F91-793A-45C8-B593-5D74F777E409}
		{B23ED0B8-6C68-48D3-81F2-E6BE3E0DEF21} = {E2BF7F91-793A-45C8-B593-5D74F777E409}
		{08F21C00-5716-4CCA-BCAC-5C07D9B57996} = {C5C88052-2D4C-4548-9169-17055F02A30E}
	EndGlobalSection
	GlobalSection(ExtensibilityGlobals) = postSolution
		SolutionGuid = {9BE3465D-1AD7-4ABF-8871-8BC5415A5C82}
	EndGlobalSection
EndGlobal
