
Microsoft Visual Studio Solution File, Format Version 12.00
# Visual Studio Version 17
VisualStudioVersion = 17.7.34031.279
MinimumVisualStudioVersion = 10.0.40219.1
Project("{2150E333-8FDC-42A3-9474-1A3956D46DE8}") = "src", "src", "{E2BF7F91-793A-45C8-B593-5D74F777E409}"
EndProject
Project("{FAE04EC0-301F-11D3-BF4B-00C04F79EFBC}") = "PokeMaui.Maui", "PokeMaui.Maui\PokeMaui.Maui.csproj", "{3438ED59-F956-4009-A708-1F3F91B24FFD}"
EndProject
Global
	GlobalSection(SolutionConfigurationPlatforms) = preSolution
		Debug|Any CPU = Debug|Any CPU
		Release|Any CPU = Release|Any CPU
	EndGlobalSection
	GlobalSection(ProjectConfigurationPlatforms) = postSolution
		{3438ED59-F956-4009-A708-1F3F91B24FFD}.Debug|Any CPU.ActiveCfg = Debug|Any CPU
		{3438ED59-F956-4009-A708-1F3F91B24FFD}.Debug|Any CPU.Build.0 = Debug|Any CPU
		{3438ED59-F956-4009-A708-1F3F91B24FFD}.Debug|Any CPU.Deploy.0 = Debug|Any CPU
		{3438ED59-F956-4009-A708-1F3F91B24FFD}.Release|Any CPU.ActiveCfg = Release|Any CPU
		{3438ED59-F956-4009-A708-1F3F91B24FFD}.Release|Any CPU.Build.0 = Release|Any CPU
		{3438ED59-F956-4009-A708-1F3F91B24FFD}.Release|Any CPU.Deploy.0 = Release|Any CPU
	EndGlobalSection
	GlobalSection(SolutionProperties) = preSolution
		HideSolutionNode = FALSE
	EndGlobalSection
	GlobalSection(NestedProjects) = preSolution
		{3438ED59-F956-4009-A708-1F3F91B24FFD} = {E2BF7F91-793A-45C8-B593-5D74F777E409}
	EndGlobalSection
	GlobalSection(ExtensibilityGlobals) = postSolution
		SolutionGuid = {9BE3465D-1AD7-4ABF-8871-8BC5415A5C82}
	EndGlobalSection
EndGlobal
